{
  "name": "jaiminho3",
  "version": "1.0.0",
  "lockfileVersion": 3,
  "requires": true,
  "packages": {
    "": {
      "name": "jaiminho3",
      "version": "1.0.0",
      "license": "MIT",
      "dependencies": {
        "@fortawesome/fontawesome-free": "^7.2.0",
        "bootstrap": "^5.3.8",
        "datatables.net-bs5": "^2.3.8",
        "datatables.net-responsive-bs5": "^3.0.8",
        "datatables.net-staterestore-bs5": "^1.4.3",
        "flatpickr": "^4.6.13",
        "jquery": "^4.0.0",
        "select2": "^4.1.0-rc.0",
        "select2-bootstrap-5-theme": "^1.3.0",
        "sweetalert2": "^11.26.24"
      }
    },
    "node_modules/@fortawesome/fontawesome-free": {
      "version": "7.2.0",
      "resolved": "https://registry.npmjs.org/@fortawesome/fontawesome-free/-/fontawesome-free-7.2.0.tgz",
      "integrity": "sha512-3DguDv/oUE+7vjMeTSOjCSG+KeawgVQOHrKRnvUuqYh1mfArrh7s+s8hXW3e4RerBA1+Wh+hBqf8sJNpqNrBWg==",
      "license": "(CC-BY-4.0 AND OFL-1.1 AND MIT)",
      "engines": {
        "node": ">=6"
      }
    },
    "node_modules/@popperjs/core": {
      "version": "2.11.8",
      "resolved": "https://registry.npmjs.org/@popperjs/core/-/core-2.11.8.tgz",
      "integrity": "sha512-P1st0aksCrn9sGZhp8GMYwBnQsbvAWsZAX44oXNNvLHGqAOcoVxmjZiohstwQ7SqKnbR47akdNi+uleWD8+g6A==",
      "license": "MIT",
      "peer": true,
      "funding": {
        "type": "opencollective",
        "url": "https://opencollective.com/popperjs"
      }
    },
    "node_modules/bootstrap": {
      "version": "5.3.8",
      "resolved": "https://registry.npmjs.org/bootstrap/-/bootstrap-5.3.8.tgz",
      "integrity": "sha512-HP1SZDqaLDPwsNiqRqi5NcP0SSXciX2s9E+RyqJIIqGo+vJeN5AJVM98CXmW/Wux0nQ5L7jeWUdplCEf0Ee+tg==",
      "funding": [
        {
          "type": "github",
          "url": "https://github.com/sponsors/twbs"
        },
        {
          "type": "opencollective",
          "url": "https://opencollective.com/bootstrap"
        }
      ],
      "license": "MIT",
      "peerDependencies": {
        "@popperjs/core": "^2.11.8"
      }
    },
    "node_modules/datatables.net": {
      "version": "2.3.8",
      "resolved": "https://registry.npmjs.org/datatables.net/-/datatables.net-2.3.8.tgz",
      "integrity": "sha512-uhViowhlDlheAuo5a8TrkQqADsjrtGeOyvrigvr4t0+K3MyAWqClORXWAYIcN9VLX6iIX0C8O9gwJNd01hITRg==",
      "license": "MIT",
      "dependencies": {
        "jquery": ">=1.7"
      }
    },
    "node_modules/datatables.net-bs5": {
      "version": "2.3.8",
      "resolved": "https://registry.npmjs.org/datatables.net-bs5/-/datatables.net-bs5-2.3.8.tgz",
      "integrity": "sha512-TbFH99QSWm93Kn3teHLFKeyOqYbaiddlHvRFdXUwAvh/fjTMhACWmHG+I43ss8d23OEFHV0WIbN4lpPusZm5zw==",
      "license": "MIT",
      "dependencies": {
        "datatables.net": "2.3.8",
        "jquery": ">=1.7"
      }
    },
    "node_modules/datatables.net-responsive": {
      "version": "3.0.8",
      "resolved": "https://registry.npmjs.org/datatables.net-responsive/-/datatables.net-responsive-3.0.8.tgz",
      "integrity": "sha512-htslaX9g/9HFrJeyFQKEe/XJWpawPxpvy+M6vc/NkKQIrKhbxSoPc3phPqmlnZth6b9hgawqWDT0e0lwf5p+KA==",
      "license": "MIT",
      "dependencies": {
        "datatables.net": "^2",
        "jquery": ">=1.7"
      }
    },
    "node_modules/datatables.net-responsive-bs5": {
      "version": "3.0.8",
      "resolved": "https://registry.npmjs.org/datatables.net-responsive-bs5/-/datatables.net-responsive-bs5-3.0.8.tgz",
      "integrity": "sha512-f0YTxv/HKWKXkOdutwDe3MmRM3AWf4Lxw7FjrgVc3H5+62emUnHep6cA9VwUcAAMywNqMYVndaKPyhAoeKUCyQ==",
      "license": "MIT",
      "dependencies": {
        "datatables.net-bs5": "^2",
        "datatables.net-responsive": "3.0.8",
        "jquery": ">=1.7"
      }
    },
    "node_modules/datatables.net-staterestore": {
      "version": "1.4.3",
      "resolved": "https://registry.npmjs.org/datatables.net-staterestore/-/datatables.net-staterestore-1.4.3.tgz",
      "integrity": "sha512-XSkCHwi+MZ8C5ZbZ1qlvIdIOs8YEJX4BVOk3GUMoSIta6xD4UsKTDV0SxfJWRYsNnDQwvCibQD0yJhK4Vk4xTw==",
      "license": "MIT",
      "dependencies": {
        "datatables.net": "1.11 - 2",
        "jquery": ">=1.7"
      }
    },
    "node_modules/datatables.net-staterestore-bs5": {
      "version": "1.4.3",
      "resolved": "https://registry.npmjs.org/datatables.net-staterestore-bs5/-/datatables.net-staterestore-bs5-1.4.3.tgz",
      "integrity": "sha512-3o9qeOfWlzVukVU5WzrH9wDvyBLQxV74Q3QRbfZEYkBlC2zcRHfT6aIj3JA2Teb78OqmXaZGTD5dseYYXXImQQ==",
      "license": "MIT",
      "dependencies": {
        "datatables.net-bs5": "1.11 - 2",
        "datatables.net-staterestore": "1.4.3",
        "jquery": ">=1.7"
      }
    },
    "node_modules/flatpickr": {
      "version": "4.6.13",
      "resolved": "https://registry.npmjs.org/flatpickr/-/flatpickr-4.6.13.tgz",
      "integrity": "sha512-97PMG/aywoYpB4IvbvUJi0RQi8vearvU0oov1WW3k0WZPBMrTQVqekSX5CjSG/M4Q3i6A/0FKXC7RyAoAUUSPw==",
      "license": "MIT"
    },
    "node_modules/jquery": {
      "version": "4.0.0",
      "resolved": "https://registry.npmjs.org/jquery/-/jquery-4.0.0.tgz",
      "integrity": "sha512-TXCHVR3Lb6TZdtw1l3RTLf8RBWVGexdxL6AC8/e0xZKEpBflBsjh9/8LXw+dkNFuOyW9B7iB3O1sP7hS0Kiacg==",
      "license": "MIT"
    },
    "node_modules/select2": {
      "version": "4.1.0-rc.0",
      "resolved": "https://registry.npmjs.org/select2/-/select2-4.1.0-rc.0.tgz",
      "integrity": "sha512-Hr9TdhyHCZUtwznEH2CBf7967mEM0idtJ5nMtjvk3Up5tPukOLXbHUNmh10oRfeNIhj+3GD3niu+g6sVK+gK0A==",
      "license": "MIT"
    },
    "node_modules/select2-bootstrap-5-theme": {
      "version": "1.3.0",
      "resolved": "https://registry.npmjs.org/select2-bootstrap-5-theme/-/select2-bootstrap-5-theme-1.3.0.tgz",
      "integrity": "sha512-uEJDruP4tmwyKcs3V0oP7CIsyC45PGF5ddo8unwTp8OucJ1PSuTOBr+xbWaHTQPGnvp7N96psVQ5UBMQvFCcHA==",
      "license": "MIT",
      "dependencies": {
        "bootstrap": "^5.1.3"
      }
    },
    "node_modules/sweetalert2": {
      "version": "11.26.24",
      "resolved": "https://registry.npmjs.org/sweetalert2/-/sweetalert2-11.26.24.tgz",
      "integrity": "sha512-SLgukW4wicewpW5VOukSXY5Z6DL/z7HCOK2ODSjmQPiSphCN8gJAmh9npoceXOtBRNoDN0xIz+zHYthtfiHmjg==",
      "license": "MIT",
      "funding": {
        "type": "individual",
        "url": "https://github.com/sponsors/limonte"
      }
    }
  }
}
